[root]
name = "mandelrust"
version = "0.1.0"
dependencies = [
 "gleam 0.0.1 (git+https://github.com/servo/gleam)",
 "glfw 0.0.1 (git+https://github.com/bjz/glfw-rs.git)",
]

[[package]]
name = "gl_common"
version = "0.0.3"
source = "git+https://github.com/bjz/gl-rs.git#b0e94e8aa44b9b5176a91b1e98680db69f4be93c"

[[package]]
name = "gl_generator"
version = "0.0.12"
source = "git+https://github.com/bjz/gl-rs.git#b0e94e8aa44b9b5176a91b1e98680db69f4be93c"
dependencies = [
 "gl_common 0.0.3 (git+https://github.com/bjz/gl-rs.git)",
 "khronos_api 0.0.4 (git+https://github.com/bjz/gl-rs.git)",
 "log 0.1.9 (registry+https://github.com/rust-lang/crates.io-index)",
 "xml-rs 0.1.12 (registry+https://github.com/rust-lang/crates.io-index)",
]

[[package]]
name = "gleam"
version = "0.0.1"
source = "git+https://github.com/servo/gleam#c54eb9ad6d4b62b7effbe9c79a1b3720845b45b4"
dependencies = [
 "gl_generator 0.0.12 (git+https://github.com/bjz/gl-rs.git)",
]

[[package]]
name = "glfw"
version = "0.0.1"
source = "git+https://github.com/bjz/glfw-rs.git#ff5780b06b0e5cd2f1198b4891e55f8fdac6a4d9"
dependencies = [
 "glfw-sys 3.0.4 (git+https://github.com/servo/glfw?branch=cargo-3.0.4)",
 "log 0.1.9 (registry+https://github.com/rust-lang/crates.io-index)",
 "semver 0.1.12 (registry+https://github.com/rust-lang/crates.io-index)",
]

[[package]]
name = "glfw-sys"
version = "3.0.4"
source = "git+https://github.com/servo/glfw?branch=cargo-3.0.4#765dace7e4125b87c764f5ac0e7a80eae5c550b2"

[[package]]
name = "khronos_api"
version = "0.0.4"
source = "git+https://github.com/bjz/gl-rs.git#b0e94e8aa44b9b5176a91b1e98680db69f4be93c"

[[package]]
name = "log"
version = "0.1.9"
source = "registry+https://github.com/rust-lang/crates.io-index"
dependencies = [
 "regex 0.1.10 (registry+https://github.com/rust-lang/crates.io-index)",
]

[[package]]
name = "regex"
version = "0.1.10"
source = "registry+https://github.com/rust-lang/crates.io-index"

[[package]]
name = "semver"
version = "0.1.12"
source = "registry+https://github.com/rust-lang/crates.io-index"

[[package]]
name = "xml-rs"
version = "0.1.12"
source = "registry+https://github.com/rust-lang/crates.io-index"

